%{"fs": {:hex, :fs, "0.9.2", "ed17036c26c3f70ac49781ed9220a50c36775c6ca2cf8182d123b6566e49ec59", [:rebar], [], "hexpm"},
  "gen_state_machine": {:hex, :gen_state_machine, "2.0.0", "f3bc7d961e4cd9f37944b379137e25fd063feffc42800bed69197fd1b78b3151", [:mix], [], "hexpm"},
  "libgraph": {:hex, :libgraph, "0.9.0", "26e29318099c0e637a573d7fc88a4757b7474c5ea57206180d348657ac46cd3b", [:mix], [], "hexpm"},
  "mix_test_watch": {:hex, :mix_test_watch, "0.4.1", "a98a84c795623f1ba020324f4354cf30e7120ba4dab65f9c2ae300f830a25f75", [:mix], [{:fs, "~> 0.9.1", [hex: :fs, repo: "hexpm", optional: false]}], "hexpm"}}
