%{"gen_fst": {:git, "https://github.com/xiamx/gen_fst.git", "24df4531de7870b65e43af8530b29aba4ade3b0c", [branch: "nomacro"]},
  "gen_state_machine": {:hex, :gen_state_machine, "2.0.0", "f3bc7d961e4cd9f37944b379137e25fd063feffc42800bed69197fd1b78b3151", [:mix], []},
  "libgraph": {:hex, :libgraph, "0.10.2", "7768a42bcae29e22b909823219ef222112f9126f8a28d89f01ec8b93509c4a66", [:mix], []}}
